
Microsoft Visual Studio Solution File, Format Version 12.00
# Visual Studio Version 17
VisualStudioVersion = 17.0.31919.166
MinimumVisualStudioVersion = 10.0.40219.1
Project("{9A19103F-16F7-4668-BE54-9A1E7A4F7556}") = "BankingApplication.Models", "BankingApplication.Models\BankingApplication.Models.csproj", "{8CA9128A-B4A5-440C-B0BA-CD691ECD8C05}"
EndProject
Project("{9A19103F-16F7-4668-BE54-9A1E7A4F7556}") = "BankingApplication.Services", "BankingApplication.Services\BankingApplication.Services.csproj", "{D22F3871-3B4D-45ED-A136-D8058065CD38}"
EndProject
Project("{9A19103F-16F7-4668-BE54-9A1E7A4F7556}") = "BankingApplication.Consl", "BankingApplication.Consl\BankingApplication.Consl.csproj", "{5A635B1E-EAAC-47A4-A5EC-B60B6120082D}"
EndProject
Global
	GlobalSection(SolutionConfigurationPlatforms) = preSolution
		Debug|Any CPU = Debug|Any CPU
		Release|Any CPU = Release|Any CPU
	EndGlobalSection
	GlobalSection(ProjectConfigurationPlatforms) = postSolution
		{8CA9128A-B4A5-440C-B0BA-CD691ECD8C05}.Debug|Any CPU.ActiveCfg = Debug|Any CPU
		{8CA9128A-B4A5-440C-B0BA-CD691ECD8C05}.Debug|Any CPU.Build.0 = Debug|Any CPU
		{8CA9128A-B4A5-440C-B0BA-CD691ECD8C05}.Release|Any CPU.ActiveCfg = Release|Any CPU
		{8CA9128A-B4A5-440C-B0BA-CD691ECD8C05}.Release|Any CPU.Build.0 = Release|Any CPU
		{D22F3871-3B4D-45ED-A136-D8058065CD38}.Debug|Any CPU.ActiveCfg = Debug|Any CPU
		{D22F3871-3B4D-45ED-A136-D8058065CD38}.Debug|Any CPU.Build.0 = Debug|Any CPU
		{D22F3871-3B4D-45ED-A136-D8058065CD38}.Release|Any CPU.ActiveCfg = Release|Any CPU
		{D22F3871-3B4D-45ED-A136-D8058065CD38}.Release|Any CPU.Build.0 = Release|Any CPU
		{5A635B1E-EAAC-47A4-A5EC-B60B6120082D}.Debug|Any CPU.ActiveCfg = Debug|Any CPU
		{5A635B1E-EAAC-47A4-A5EC-B60B6120082D}.Debug|Any CPU.Build.0 = Debug|Any CPU
		{5A635B1E-EAAC-47A4-A5EC-B60B6120082D}.Release|Any CPU.ActiveCfg = Release|Any CPU
		{5A635B1E-EAAC-47A4-A5EC-B60B6120082D}.Release|Any CPU.Build.0 = Release|Any CPU
	EndGlobalSection
	GlobalSection(SolutionProperties) = preSolution
		HideSolutionNode = FALSE
	EndGlobalSection
	GlobalSection(ExtensibilityGlobals) = postSolution
		SolutionGuid = {3307E9DE-AE61-490D-867E-B95AFE88BC3B}
	EndGlobalSection
EndGlobal
