
Microsoft Visual Studio Solution File, Format Version 12.00
# Visual Studio Version 16
VisualStudioVersion = 16.0.31702.278
MinimumVisualStudioVersion = 10.0.40219.1
Project("{9A19103F-16F7-4668-BE54-9A1E7A4F7556}") = "BankingApplication.Consl", "BankingApplication.Consl.csproj", "{1136BB85-F870-4C03-BE27-2CA5E0F00B55}"
EndProject
Project("{9A19103F-16F7-4668-BE54-9A1E7A4F7556}") = "BankingApplication.Models", "..\BankingApplication.Models\BankingApplication.Models.csproj", "{A2D65742-29C0-48DC-94B2-F34B59791F0A}"
EndProject
Project("{9A19103F-16F7-4668-BE54-9A1E7A4F7556}") = "BankingApplication.Services", "..\BankingApplication.Services\BankingApplication.Services.csproj", "{5048F926-5FA5-4ED3-8318-AA34B0380452}"
EndProject
Project("{9A19103F-16F7-4668-BE54-9A1E7A4F7556}") = "BankingApplication.Database", "..\BankingApplication.Database\BankingApplication.Database.csproj", "{2CBA6225-C263-4426-8102-B4F841CE81C6}"
EndProject
Global
	GlobalSection(SolutionConfigurationPlatforms) = preSolution
		Debug|Any CPU = Debug|Any CPU
		Release|Any CPU = Release|Any CPU
	EndGlobalSection
	GlobalSection(ProjectConfigurationPlatforms) = postSolution
		{1136BB85-F870-4C03-BE27-2CA5E0F00B55}.Debug|Any CPU.ActiveCfg = Debug|Any CPU
		{1136BB85-F870-4C03-BE27-2CA5E0F00B55}.Debug|Any CPU.Build.0 = Debug|Any CPU
		{1136BB85-F870-4C03-BE27-2CA5E0F00B55}.Release|Any CPU.ActiveCfg = Release|Any CPU
		{1136BB85-F870-4C03-BE27-2CA5E0F00B55}.Release|Any CPU.Build.0 = Release|Any CPU
		{A2D65742-29C0-48DC-94B2-F34B59791F0A}.Debug|Any CPU.ActiveCfg = Debug|Any CPU
		{A2D65742-29C0-48DC-94B2-F34B59791F0A}.Debug|Any CPU.Build.0 = Debug|Any CPU
		{A2D65742-29C0-48DC-94B2-F34B59791F0A}.Release|Any CPU.ActiveCfg = Release|Any CPU
		{A2D65742-29C0-48DC-94B2-F34B59791F0A}.Release|Any CPU.Build.0 = Release|Any CPU
		{5048F926-5FA5-4ED3-8318-AA34B0380452}.Debug|Any CPU.ActiveCfg = Debug|Any CPU
		{5048F926-5FA5-4ED3-8318-AA34B0380452}.Debug|Any CPU.Build.0 = Debug|Any CPU
		{5048F926-5FA5-4ED3-8318-AA34B0380452}.Release|Any CPU.ActiveCfg = Release|Any CPU
		{5048F926-5FA5-4ED3-8318-AA34B0380452}.Release|Any CPU.Build.0 = Release|Any CPU
		{2CBA6225-C263-4426-8102-B4F841CE81C6}.Debug|Any CPU.ActiveCfg = Debug|Any CPU
		{2CBA6225-C263-4426-8102-B4F841CE81C6}.Debug|Any CPU.Build.0 = Debug|Any CPU
		{2CBA6225-C263-4426-8102-B4F841CE81C6}.Release|Any CPU.ActiveCfg = Release|Any CPU
		{2CBA6225-C263-4426-8102-B4F841CE81C6}.Release|Any CPU.Build.0 = Release|Any CPU
	EndGlobalSection
	GlobalSection(SolutionProperties) = preSolution
		HideSolutionNode = FALSE
	EndGlobalSection
	GlobalSection(ExtensibilityGlobals) = postSolution
		SolutionGuid = {FD279C8D-B77C-47AF-A4D2-AC99D7530F3E}
	EndGlobalSection
EndGlobal
