
Microsoft Visual Studio Solution File, Format Version 12.00
# Visual Studio Version 16
VisualStudioVersion = 16.0.31702.278
MinimumVisualStudioVersion = 10.0.40219.1
Project("{9A19103F-16F7-4668-BE54-9A1E7A4F7556}") = "BankApp.CLI", "BankApp.CLI.csproj", "{DF608F69-2C30-4167-9897-DC5D51728C06}"
EndProject
Project("{9A19103F-16F7-4668-BE54-9A1E7A4F7556}") = "BankApp.Models", "..\BankApp.Models\BankApp.Models.csproj", "{77836631-724F-4D95-A1CD-B0C85D139DF1}"
EndProject
Project("{9A19103F-16F7-4668-BE54-9A1E7A4F7556}") = "BankApp.Services", "..\BankApp.Services\BankApp.Services.csproj", "{8A286B56-4B0D-4A69-BD79-DB1C36458634}"
EndProject
Project("{9A19103F-16F7-4668-BE54-9A1E7A4F7556}") = "BankApp.Database", "..\BankApp.Database\BankApp.Database.csproj", "{A6099FA1-77BC-431D-9E59-9B8C5C2AF827}"
EndProject
Global
	GlobalSection(SolutionConfigurationPlatforms) = preSolution
		Debug|Any CPU = Debug|Any CPU
		Release|Any CPU = Release|Any CPU
	EndGlobalSection
	GlobalSection(ProjectConfigurationPlatforms) = postSolution
		{DF608F69-2C30-4167-9897-DC5D51728C06}.Debug|Any CPU.ActiveCfg = Debug|Any CPU
		{DF608F69-2C30-4167-9897-DC5D51728C06}.Debug|Any CPU.Build.0 = Debug|Any CPU
		{DF608F69-2C30-4167-9897-DC5D51728C06}.Release|Any CPU.ActiveCfg = Release|Any CPU
		{DF608F69-2C30-4167-9897-DC5D51728C06}.Release|Any CPU.Build.0 = Release|Any CPU
		{77836631-724F-4D95-A1CD-B0C85D139DF1}.Debug|Any CPU.ActiveCfg = Debug|Any CPU
		{77836631-724F-4D95-A1CD-B0C85D139DF1}.Debug|Any CPU.Build.0 = Debug|Any CPU
		{77836631-724F-4D95-A1CD-B0C85D139DF1}.Release|Any CPU.ActiveCfg = Release|Any CPU
		{77836631-724F-4D95-A1CD-B0C85D139DF1}.Release|Any CPU.Build.0 = Release|Any CPU
		{8A286B56-4B0D-4A69-BD79-DB1C36458634}.Debug|Any CPU.ActiveCfg = Debug|Any CPU
		{8A286B56-4B0D-4A69-BD79-DB1C36458634}.Debug|Any CPU.Build.0 = Debug|Any CPU
		{8A286B56-4B0D-4A69-BD79-DB1C36458634}.Release|Any CPU.ActiveCfg = Release|Any CPU
		{8A286B56-4B0D-4A69-BD79-DB1C36458634}.Release|Any CPU.Build.0 = Release|Any CPU
		{A6099FA1-77BC-431D-9E59-9B8C5C2AF827}.Debug|Any CPU.ActiveCfg = Debug|Any CPU
		{A6099FA1-77BC-431D-9E59-9B8C5C2AF827}.Debug|Any CPU.Build.0 = Debug|Any CPU
		{A6099FA1-77BC-431D-9E59-9B8C5C2AF827}.Release|Any CPU.ActiveCfg = Release|Any CPU
		{A6099FA1-77BC-431D-9E59-9B8C5C2AF827}.Release|Any CPU.Build.0 = Release|Any CPU
	EndGlobalSection
	GlobalSection(SolutionProperties) = preSolution
		HideSolutionNode = FALSE
	EndGlobalSection
	GlobalSection(ExtensibilityGlobals) = postSolution
		SolutionGuid = {64460FE9-2F3D-4EC8-A05F-199C2FB0AE97}
	EndGlobalSection
EndGlobal
